<Solution>
  <Folder Name="/src/">
    <Project Path="src/Terces.Azure/Terces.Azure.csproj" />
    <Project Path="src/Terces.Console/Terces.Console.csproj" />
    <Project Path="src/Terces/Terces.csproj" />
  </Folder>
  <Folder Name="/tests/">
    <Project Path="tests\Terces.Tests\Terces.Tests.csproj" Type="Classic C#" />
  </Folder>
</Solution>